<?xml version="1.0" encoding="UTF-8" standalone="yes" ?>
<CodeBlocks_project_file>
	<FileVersion major="1" minor="6" />
	<Project>
		<Option title="arch2-2014-cw1" />
		<Option makefile="makefile" />
		<Option pch_mode="2" />
		<Option compiler="gcc" />
		<Build>
			<Target title="Debug">
				<Option output="bin/Debug/arch2-2014-cw1" prefix_auto="1" extension_auto="1" />
				<Option object_output="obj/Debug/" />
				<Option type="1" />
				<Option compiler="gcc" />
				<Compiler>
					<Add option="-std=c++98" />
					<Add option="-Wall" />
					<Add option="-g" />
					<Add option="-std=c99" />
					<Add directory="include" />
				</Compiler>
			</Target>
			<Target title="Release">
				<Option output="bin/Release/arch2-2014-cw1" prefix_auto="1" extension_auto="1" />
				<Option object_output="obj/Release/" />
				<Option type="1" />
				<Option compiler="gcc" />
				<Compiler>
					<Add option="-O2" />
					<Add option="-std=c++98" />
					<Add option="-Wall" />
				</Compiler>
				<Linker>
					<Add option="-s" />
				</Linker>
			</Target>
		</Build>
		<Compiler>
			<Add option="-Wall" />
		</Compiler>
		<Unit filename="README.md" />
		<Unit filename="fragments/f_addu.c">
			<Option compilerVar="CC" />
		</Unit>
		<Unit filename="fragments/f_fibonacci.c">
			<Option compilerVar="CC" />
		</Unit>
		<Unit filename="include/mips.h" />
		<Unit filename="include/mips_core.h" />
		<Unit filename="include/mips_cpu.h" />
		<Unit filename="include/mips_mem.h" />
		<Unit filename="include/mips_test.h" />
		<Unit filename="main.c">
			<Option compilerVar="CC" />
		</Unit>
		<Unit filename="makefile" />
		<Unit filename="src/hnm13/mips_cpu.c">
			<Option compilerVar="CC" />
		</Unit>
		<Unit filename="src/hnm13/mips_test.c">
			<Option compilerVar="CC" />
		</Unit>
		<Unit filename="src/shared/mips_mem_ram.cpp" />
		<Unit filename="src/shared/mips_test_framework.cpp" />
		<Extensions>
			<code_completion />
			<envvars />
			<debugger />
		</Extensions>
	</Project>
</CodeBlocks_project_file>
